{
    "version": 3,
    "terraform_version": "0.10.8",
    "serial": 25,
    "lineage": "6935f7d5-8bbd-4317-b4b9-7328ef73d89d",
    "modules": [
        {
            "path": [
                "root"
            ],
            "outputs": {},
            "resources": {
                "null_resource.ansible-provision": {
                    "type": "null_resource",
                    "depends_on": [
                        "openstack_compute_instance_v2.k8s-master",
                        "openstack_compute_instance_v2.k8s-node",
                        "openstack_compute_instance_v2.k8s-node.*"
                    ],
                    "primary": {
                        "id": "7854190282854541833",
                        "attributes": {
                            "id": "7854190282854541833"
                        },
                        "meta": {},
                        "tainted": false
                    },
                    "deposed": [],
                    "provider": ""
                },
                "openstack_compute_instance_v2.k8s-master": {
                    "type": "openstack_compute_instance_v2",
                    "depends_on": [],
                    "primary": {
                        "id": "c6fef0c1-a799-44b2-8e48-142be2e1b77f",
                        "attributes": {
                            "access_ip_v4": "192.168.58.114",
                            "access_ip_v6": "",
                            "all_metadata.%": "0",
                            "availability_zone": "nova",
                            "flavor_id": "3e2af1cd-b3f1-4296-86c4-7cc1bd9e4075",
                            "flavor_name": "m1.x2medium",
                            "force_delete": "false",
                            "id": "c6fef0c1-a799-44b2-8e48-142be2e1b77f",
                            "image_id": "8d74cd9f-fbae-41f1-bc4a-e25b1950718a",
                            "image_name": "K8S-COREOS-Optimized",
                            "key_pair": "yasima",
                            "name": "k8s-master",
                            "network.#": "1",
                            "network.0.access_network": "false",
                            "network.0.fixed_ip_v4": "192.168.58.114",
                            "network.0.fixed_ip_v6": "",
                            "network.0.floating_ip": "",
                            "network.0.mac": "fa:16:3e:e8:50:6a",
                            "network.0.name": "dev_private_network",
                            "network.0.port": "",
                            "network.0.uuid": "fc5154bf-fc43-4669-a758-8824642fb137",
                            "region": "RegionOne",
                            "security_groups.#": "1",
                            "security_groups.3814588639": "default",
                            "stop_before_destroy": "false"
                        },
                        "meta": {
                            "e2bfb730-ecaa-11e6-8f88-34363bc7c4c0": {
                                "create": 1800000000000,
                                "delete": 1800000000000,
                                "update": 1800000000000
                            }
                        },
                        "tainted": false
                    },
                    "deposed": [],
                    "provider": ""
                },
                "openstack_compute_instance_v2.k8s-node.0": {
                    "type": "openstack_compute_instance_v2",
                    "depends_on": [],
                    "primary": {
                        "id": "4c1a6df6-835a-438e-91ca-ce267d053d6c",
                        "attributes": {
                            "access_ip_v4": "192.168.58.115",
                            "access_ip_v6": "",
                            "all_metadata.%": "0",
                            "availability_zone": "nova",
                            "flavor_id": "3e2af1cd-b3f1-4296-86c4-7cc1bd9e4075",
                            "flavor_name": "m1.x2medium",
                            "force_delete": "false",
                            "id": "4c1a6df6-835a-438e-91ca-ce267d053d6c",
                            "image_id": "8d74cd9f-fbae-41f1-bc4a-e25b1950718a",
                            "image_name": "K8S-COREOS-Optimized",
                            "key_pair": "yasima",
                            "name": "k8s-node-0",
                            "network.#": "1",
                            "network.0.access_network": "false",
                            "network.0.fixed_ip_v4": "192.168.58.115",
                            "network.0.fixed_ip_v6": "",
                            "network.0.floating_ip": "",
                            "network.0.mac": "fa:16:3e:b5:0a:1e",
                            "network.0.name": "dev_private_network",
                            "network.0.port": "",
                            "network.0.uuid": "fc5154bf-fc43-4669-a758-8824642fb137",
                            "region": "RegionOne",
                            "security_groups.#": "1",
                            "security_groups.3814588639": "default",
                            "stop_before_destroy": "false"
                        },
                        "meta": {
                            "e2bfb730-ecaa-11e6-8f88-34363bc7c4c0": {
                                "create": 1800000000000,
                                "delete": 1800000000000,
                                "update": 1800000000000
                            }
                        },
                        "tainted": false
                    },
                    "deposed": [],
                    "provider": ""
                },
                "openstack_compute_instance_v2.k8s-node.1": {
                    "type": "openstack_compute_instance_v2",
                    "depends_on": [],
                    "primary": {
                        "id": "180c5b71-c7a7-4c9e-a441-ec25590f7895",
                        "attributes": {
                            "access_ip_v4": "192.168.58.116",
                            "access_ip_v6": "",
                            "all_metadata.%": "0",
                            "availability_zone": "nova",
                            "flavor_id": "3e2af1cd-b3f1-4296-86c4-7cc1bd9e4075",
                            "flavor_name": "m1.x2medium",
                            "force_delete": "false",
                            "id": "180c5b71-c7a7-4c9e-a441-ec25590f7895",
                            "image_id": "8d74cd9f-fbae-41f1-bc4a-e25b1950718a",
                            "image_name": "K8S-COREOS-Optimized",
                            "key_pair": "yasima",
                            "name": "k8s-node-1",
                            "network.#": "1",
                            "network.0.access_network": "false",
                            "network.0.fixed_ip_v4": "192.168.58.116",
                            "network.0.fixed_ip_v6": "",
                            "network.0.floating_ip": "",
                            "network.0.mac": "fa:16:3e:cf:9b:c3",
                            "network.0.name": "dev_private_network",
                            "network.0.port": "",
                            "network.0.uuid": "fc5154bf-fc43-4669-a758-8824642fb137",
                            "region": "RegionOne",
                            "security_groups.#": "1",
                            "security_groups.3814588639": "default",
                            "stop_before_destroy": "false"
                        },
                        "meta": {
                            "e2bfb730-ecaa-11e6-8f88-34363bc7c4c0": {
                                "create": 1800000000000,
                                "delete": 1800000000000,
                                "update": 1800000000000
                            }
                        },
                        "tainted": false
                    },
                    "deposed": [],
                    "provider": ""
                }
            },
            "depends_on": []
        }
    ]
}
